
Microsoft Visual Studio Solution File, Format Version 12.00
# Visual Studio 15
VisualStudioVersion = 15.0.28010.2036
MinimumVisualStudioVersion = 10.0.40219.1
Project("{E24C65DC-7377-472B-9ABA-BC803B73C61A}") = "SeriousTeachers_May2018", "..\..\..\Desktop\SeriousTeachers_May2018\", "{50B98343-A000-4226-94B8-EBD20DAF1863}"
	ProjectSection(WebsiteProperties) = preProject
		TargetFrameworkMoniker = ".NETFramework,Version%3Dv4.5"
		Debug.AspNetCompiler.VirtualPath = "/localhost_57768"
		Debug.AspNetCompiler.PhysicalPath = "..\..\..\Desktop\SeriousTeachers_May2018\"
		Debug.AspNetCompiler.TargetPath = "PrecompiledWeb\localhost_57768\"
		Debug.AspNetCompiler.Updateable = "true"
		Debug.AspNetCompiler.ForceOverwrite = "true"
		Debug.AspNetCompiler.FixedNames = "false"
		Debug.AspNetCompiler.Debug = "True"
		Release.AspNetCompiler.VirtualPath = "/localhost_57768"
		Release.AspNetCompiler.PhysicalPath = "..\..\..\Desktop\SeriousTeachers_May2018\"
		Release.AspNetCompiler.TargetPath = "PrecompiledWeb\localhost_57768\"
		Release.AspNetCompiler.Updateable = "true"
		Release.AspNetCompiler.ForceOverwrite = "true"
		Release.AspNetCompiler.FixedNames = "false"
		Release.AspNetCompiler.Debug = "False"
		VWDPort = "57768"
		SlnRelativePath = "..\..\..\Desktop\SeriousTeachers_May2018\"
	EndProjectSection
EndProject
Project("{00D1A9C2-B5F0-4AF3-8072-F6C62B433612}") = "tiffSQL1", "..\tiffSQL1\tiffSQL1.sqlproj", "{85D639D7-7693-4B16-B576-1C05BDADA083}"
EndProject
Global
	GlobalSection(SolutionConfigurationPlatforms) = preSolution
		Debug|Any CPU = Debug|Any CPU
		Release|Any CPU = Release|Any CPU
	EndGlobalSection
	GlobalSection(ProjectConfigurationPlatforms) = postSolution
		{50B98343-A000-4226-94B8-EBD20DAF1863}.Debug|Any CPU.ActiveCfg = Debug|Any CPU
		{50B98343-A000-4226-94B8-EBD20DAF1863}.Debug|Any CPU.Build.0 = Debug|Any CPU
		{50B98343-A000-4226-94B8-EBD20DAF1863}.Release|Any CPU.ActiveCfg = Debug|Any CPU
		{50B98343-A000-4226-94B8-EBD20DAF1863}.Release|Any CPU.Build.0 = Debug|Any CPU
		{85D639D7-7693-4B16-B576-1C05BDADA083}.Debug|Any CPU.ActiveCfg = Debug|Any CPU
		{85D639D7-7693-4B16-B576-1C05BDADA083}.Debug|Any CPU.Build.0 = Debug|Any CPU
		{85D639D7-7693-4B16-B576-1C05BDADA083}.Debug|Any CPU.Deploy.0 = Debug|Any CPU
		{85D639D7-7693-4B16-B576-1C05BDADA083}.Release|Any CPU.ActiveCfg = Release|Any CPU
		{85D639D7-7693-4B16-B576-1C05BDADA083}.Release|Any CPU.Build.0 = Release|Any CPU
		{85D639D7-7693-4B16-B576-1C05BDADA083}.Release|Any CPU.Deploy.0 = Release|Any CPU
	EndGlobalSection
	GlobalSection(SolutionProperties) = preSolution
		HideSolutionNode = FALSE
	EndGlobalSection
	GlobalSection(ExtensibilityGlobals) = postSolution
		SolutionGuid = {BD5292A8-CE18-42AE-8311-74374BCC37F6}
	EndGlobalSection
EndGlobal
